// !$*UTF8*$!
{
	archiveVersion = 1;
	classes = {
	};
	objectVersion = 48;
	objects = {

/* Begin PBXBuildFile section */
		822CADAD20AFD42000EA8987 /* AppDelegate.swift in Sources */ = {isa = PBXBuildFile; fileRef = 822CADAC20AFD42000EA8987 /* AppDelegate.swift */; };
		822CADAF20AFD42000EA8987 /* ViewController.swift in Sources */ = {isa = PBXBuildFile; fileRef = 822CADAE20AFD42000EA8987 /* ViewController.swift */; };
		822CADB220AFD42000EA8987 /* Main.storyboard in Resources */ = {isa = PBXBuildFile; fileRef = 822CADB020AFD42000EA8987 /* Main.storyboard */; };
		822CADB420AFD42000EA8987 /* Assets.xcassets in Resources */ = {isa = PBXBuildFile; fileRef = 822CADB320AFD42000EA8987 /* Assets.xcassets */; };
		822CADB720AFD42000EA8987 /* LaunchScreen.storyboard in Resources */ = {isa = PBXBuildFile; fileRef = 822CADB520AFD42000EA8987 /* LaunchScreen.storyboard */; };
		826630DF20B1293B0022654B /* ImageViewController.swift in Sources */ = {isa = PBXBuildFile; fileRef = 826630DE20B1293A0022654B /* ImageViewController.swift */; };
		82AF856420AFE18000500744 /* sakura1.JPG in Resources */ = {isa = PBXBuildFile; fileRef = 82AF856320AFE18000500744 /* sakura1.JPG */; };
		82AF856620AFE1BC00500744 /* sakura2.JPG in Resources */ = {isa = PBXBuildFile; fileRef = 82AF856520AFE1BB00500744 /* sakura2.JPG */; };
		82AF856820AFE1C100500744 /* sakura3.JPG in Resources */ = {isa = PBXBuildFile; fileRef = 82AF856720AFE1C100500744 /* sakura3.JPG */; };
		82AF856A20AFE1C900500744 /* sakura4.JPG in Resources */ = {isa = PBXBuildFile; fileRef = 82AF856920AFE1C900500744 /* sakura4.JPG */; };
/* End PBXBuildFile section */

/* Begin PBXFileReference section */
		822CADA920AFD42000EA8987 /* SlideshowApp.app */ = {isa = PBXFileReference; explicitFileType = wrapper.application; includeInIndex = 0; path = SlideshowApp.app; sourceTree = BUILT_PRODUCTS_DIR; };
		822CADAC20AFD42000EA8987 /* AppDelegate.swift */ = {isa = PBXFileReference; lastKnownFileType = sourcecode.swift; path = AppDelegate.swift; sourceTree = "<group>"; };
		822CADAE20AFD42000EA8987 /* ViewController.swift */ = {isa = PBXFileReference; lastKnownFileType = sourcecode.swift; path = ViewController.swift; sourceTree = "<group>"; };
		822CADB120AFD42000EA8987 /* Base */ = {isa = PBXFileReference; lastKnownFileType = file.storyboard; name = Base; path = Base.lproj/Main.storyboard; sourceTree = "<group>"; };
		822CADB320AFD42000EA8987 /* Assets.xcassets */ = {isa = PBXFileReference; lastKnownFileType = folder.assetcatalog; path = Assets.xcassets; sourceTree = "<group>"; };
		822CADB620AFD42000EA8987 /* Base */ = {isa = PBXFileReference; lastKnownFileType = file.storyboard; name = Base; path = Base.lproj/LaunchScreen.storyboard; sourceTree = "<group>"; };
		822CADB820AFD42000EA8987 /* Info.plist */ = {isa = PBXFileReference; lastKnownFileType = text.plist.xml; path = Info.plist; sourceTree = "<group>"; };
		826630DE20B1293A0022654B /* ImageViewController.swift */ = {isa = PBXFileReference; lastKnownFileType = sourcecode.swift; path = ImageViewController.swift; sourceTree = "<group>"; };
		82AF856320AFE18000500744 /* sakura1.JPG */ = {isa = PBXFileReference; lastKnownFileType = image.jpeg; path = sakura1.JPG; sourceTree = "<group>"; };
		82AF856520AFE1BB00500744 /* sakura2.JPG */ = {isa = PBXFileReference; lastKnownFileType = image.jpeg; path = sakura2.JPG; sourceTree = "<group>"; };
		82AF856720AFE1C100500744 /* sakura3.JPG */ = {isa = PBXFileReference; lastKnownFileType = image.jpeg; path = sakura3.JPG; sourceTree = "<group>"; };
		82AF856920AFE1C900500744 /* sakura4.JPG */ = {isa = PBXFileReference; lastKnownFileType = image.jpeg; path = sakura4.JPG; sourceTree = "<group>"; };
/* End PBXFileReference section */

/* Begin PBXFrameworksBuildPhase section */
		822CADA620AFD42000EA8987 /* Frameworks */ = {
			isa = PBXFrameworksBuildPhase;
			buildActionMask = 2147483647;
			files = (
			);
			runOnlyForDeploymentPostprocessing = 0;
		};
/* End PBXFrameworksBuildPhase section */

/* Begin PBXGroup section */
		822CADA020AFD42000EA8987 = {
			isa = PBXGroup;
			children = (
				822CADAB20AFD42000EA8987 /* SlideshowApp */,
				822CADAA20AFD42000EA8987 /* Products */,
			);
			sourceTree = "<group>";
		};
		822CADAA20AFD42000EA8987 /* Products */ = {
			isa = PBXGroup;
			children = (
				822CADA920AFD42000EA8987 /* SlideshowApp.app */,
			);
			name = Products;
			sourceTree = "<group>";
		};
		822CADAB20AFD42000EA8987 /* SlideshowApp */ = {
			isa = PBXGroup;
			children = (
				822CADAC20AFD42000EA8987 /* AppDelegate.swift */,
				82AF856320AFE18000500744 /* sakura1.JPG */,
				82AF856520AFE1BB00500744 /* sakura2.JPG */,
				82AF856720AFE1C100500744 /* sakura3.JPG */,
				82AF856920AFE1C900500744 /* sakura4.JPG */,
				822CADAE20AFD42000EA8987 /* ViewController.swift */,
				822CADB020AFD42000EA8987 /* Main.storyboard */,
				822CADB320AFD42000EA8987 /* Assets.xcassets */,
				822CADB520AFD42000EA8987 /* LaunchScreen.storyboard */,
				822CADB820AFD42000EA8987 /* Info.plist */,
				826630DE20B1293A0022654B /* ImageViewController.swift */,
			);
			path = SlideshowApp;
			sourceTree = "<group>";
		};
/* End PBXGroup section */

/* Begin PBXNativeTarget section */
		822CADA820AFD42000EA8987 /* SlideshowApp */ = {
			isa = PBXNativeTarget;
			buildConfigurationList = 822CADBB20AFD42000EA8987 /* Build configuration list for PBXNativeTarget "SlideshowApp" */;
			buildPhases = (
				822CADA520AFD42000EA8987 /* Sources */,
				822CADA620AFD42000EA8987 /* Frameworks */,
				822CADA720AFD42000EA8987 /* Resources */,
			);
			buildRules = (
			);
			dependencies = (
			);
			name = SlideshowApp;
			productName = SlideshowApp;
			productReference = 822CADA920AFD42000EA8987 /* SlideshowApp.app */;
			productType = "com.apple.product-type.application";
		};
/* End PBXNativeTarget section */

/* Begin PBXProject section */
		822CADA120AFD42000EA8987 /* Project object */ = {
			isa = PBXProject;
			attributes = {
				LastSwiftUpdateCheck = 0920;
				LastUpgradeCheck = 0920;
				ORGANIZATIONNAME = miriaria0427;
				TargetAttributes = {
					822CADA820AFD42000EA8987 = {
						CreatedOnToolsVersion = 9.2;
						ProvisioningStyle = Automatic;
					};
				};
			};
			buildConfigurationList = 822CADA420AFD42000EA8987 /* Build configuration list for PBXProject "SlideshowApp" */;
			compatibilityVersion = "Xcode 8.0";
			developmentRegion = en;
			hasScannedForEncodings = 0;
			knownRegions = (
				en,
				Base,
			);
			mainGroup = 822CADA020AFD42000EA8987;
			productRefGroup = 822CADAA20AFD42000EA8987 /* Products */;
			projectDirPath = "";
			projectRoot = "";
			targets = (
				822CADA820AFD42000EA8987 /* SlideshowApp */,
			);
		};
/* End PBXProject section */

/* Begin PBXResourcesBuildPhase section */
		822CADA720AFD42000EA8987 /* Resources */ = {
			isa = PBXResourcesBuildPhase;
			buildActionMask = 2147483647;
			files = (
				82AF856620AFE1BC00500744 /* sakura2.JPG in Resources */,
				822CADB720AFD42000EA8987 /* LaunchScreen.storyboard in Resources */,
				82AF856A20AFE1C900500744 /* sakura4.JPG in Resources */,
				822CADB420AFD42000EA8987 /* Assets.xcassets in Resources */,
				82AF856420AFE18000500744 /* sakura1.JPG in Resources */,
				82AF856820AFE1C100500744 /* sakura3.JPG in Resources */,
				822CADB220AFD42000EA8987 /* Main.storyboard in Resources */,
			);
			runOnlyForDeploymentPostprocessing = 0;
		};
/* End PBXResourcesBuildPhase section */

/* Begin PBXSourcesBuildPhase section */
		822CADA520AFD42000EA8987 /* Sources */ = {
			isa = PBXSourcesBuildPhase;
			buildActionMask = 2147483647;
			files = (
				822CADAF20AFD42000EA8987 /* ViewController.swift in Sources */,
				826630DF20B1293B0022654B /* ImageViewController.swift in Sources */,
				822CADAD20AFD42000EA8987 /* AppDelegate.swift in Sources */,
			);
			runOnlyForDeploymentPostprocessing = 0;
		};
/* End PBXSourcesBuildPhase section */

/* Begin PBXVariantGroup section */
		822CADB020AFD42000EA8987 /* Main.storyboard */ = {
			isa = PBXVariantGroup;
			children = (
				822CADB120AFD42000EA8987 /* Base */,
			);
			name = Main.storyboard;
			sourceTree = "<group>";
		};
		822CADB520AFD42000EA8987 /* LaunchScreen.storyboard */ = {
			isa = PBXVariantGroup;
			children = (
				822CADB620AFD42000EA8987 /* Base */,
			);
			name = LaunchScreen.storyboard;
			sourceTree = "<group>";
		};
/* End PBXVariantGroup section */

/* Begin XCBuildConfiguration section */
		822CADB920AFD42000EA8987 /* Debug */ = {
			isa = XCBuildConfiguration;
			buildSettings = {
				ALWAYS_SEARCH_USER_PATHS = NO;
				CLANG_ANALYZER_NONNULL = YES;
				CLANG_ANALYZER_NUMBER_OBJECT_CONVERSION = YES_AGGRESSIVE;
				CLANG_CXX_LANGUAGE_STANDARD = "gnu++14";
				CLANG_CXX_LIBRARY = "libc++";
				CLANG_ENABLE_MODULES = YES;
				CLANG_ENABLE_OBJC_ARC = YES;
				CLANG_WARN_BLOCK_CAPTURE_AUTORELEASING = YES;
				CLANG_WARN_BOOL_CONVERSION = YES;
				CLANG_WARN_COMMA = YES;
				CLANG_WARN_CONSTANT_CONVERSION = YES;
				CLANG_WARN_DIRECT_OBJC_ISA_USAGE = YES_ERROR;
				CLANG_WARN_DOCUMENTATION_COMMENTS = YES;
				CLANG_WARN_EMPTY_BODY = YES;
				CLANG_WARN_ENUM_CONVERSION = YES;
				CLANG_WARN_INFINITE_RECURSION = YES;
				CLANG_WARN_INT_CONVERSION = YES;
				CLANG_WARN_NON_LITERAL_NULL_CONVERSION = YES;
				CLANG_WARN_OBJC_LITERAL_CONVERSION = YES;
				CLANG_WARN_OBJC_ROOT_CLASS = YES_ERROR;
				CLANG_WARN_RANGE_LOOP_ANALYSIS = YES;
				CLANG_WARN_STRICT_PROTOTYPES = YES;
				CLANG_WARN_SUSPICIOUS_MOVE = YES;
				CLANG_WARN_UNGUARDED_AVAILABILITY = YES_AGGRESSIVE;
				CLANG_WARN_UNREACHABLE_CODE = YES;
				CLANG_WARN__DUPLICATE_METHOD_MATCH = YES;
				CODE_SIGN_IDENTITY = "iPhone Developer";
				COPY_PHASE_STRIP = NO;
				DEBUG_INFORMATION_FORMAT = dwarf;
				ENABLE_STRICT_OBJC_MSGSEND = YES;
				ENABLE_TESTABILITY = YES;
				GCC_C_LANGUAGE_STANDARD = gnu11;
				GCC_DYNAMIC_NO_PIC = NO;
				GCC_NO_COMMON_BLOCKS = YES;
				GCC_OPTIMIZATION_LEVEL = 0;
				GCC_PREPROCESSOR_DEFINITIONS = (
					"DEBUG=1",
					"$(inherited)",
				);
				GCC_WARN_64_TO_32_BIT_CONVERSION = YES;
				GCC_WARN_ABOUT_RETURN_TYPE = YES_ERROR;
				GCC_WARN_UNDECLARED_SELECTOR = YES;
				GCC_WARN_UNINITIALIZED_AUTOS = YES_AGGRESSIVE;
				GCC_WARN_UNUSED_FUNCTION = YES;
				GCC_WARN_UNUSED_VARIABLE = YES;
				IPHONEOS_DEPLOYMENT_TARGET = 11.2;
				MTL_ENABLE_DEBUG_INFO = YES;
				ONLY_ACTIVE_ARCH = YES;
				SDKROOT = iphoneos;
				SWIFT_ACTIVE_COMPILATION_CONDITIONS = DEBUG;
				SWIFT_OPTIMIZATION_LEVEL = "-Onone";
			};
			name = Debug;
		};
		822CADBA20AFD42000EA8987 /* Release */ = {
			isa = XCBuildConfiguration;
			buildSettings = {
				ALWAYS_SEARCH_USER_PATHS = NO;
				CLANG_ANALYZER_NONNULL = YES;
				CLANG_ANALYZER_NUMBER_OBJECT_CONVERSION = YES_AGGRESSIVE;
				CLANG_CXX_LANGUAGE_STANDARD = "gnu++14";
				CLANG_CXX_LIBRARY = "libc++";
				CLANG_ENABLE_MODULES = YES;
				CLANG_ENABLE_OBJC_ARC = YES;
				CLANG_WARN_BLOCK_CAPTURE_AUTORELEASING = YES;
				CLANG_WARN_BOOL_CONVERSION = YES;
				CLANG_WARN_COMMA = YES;
				CLANG_WARN_CONSTANT_CONVERSION = YES;
				CLANG_WARN_DIRECT_OBJC_ISA_USAGE = YES_ERROR;
				CLANG_WARN_DOCUMENTATION_COMMENTS = YES;
				CLANG_WARN_EMPTY_BODY = YES;
				CLANG_WARN_ENUM_CONVERSION = YES;
				CLANG_WARN_INFINITE_RECURSION = YES;
				CLANG_WARN_INT_CONVERSION = YES;
				CLANG_WARN_NON_LITERAL_NULL_CONVERSION = YES;
				CLANG_WARN_OBJC_LITERAL_CONVERSION = YES;
				CLANG_WARN_OBJC_ROOT_CLASS = YES_ERROR;
				CLANG_WARN_RANGE_LOOP_ANALYSIS = YES;
				CLANG_WARN_STRICT_PROTOTYPES = YES;
				CLANG_WARN_SUSPICIOUS_MOVE = YES;
				CLANG_WARN_UNGUARDED_AVAILABILITY = YES_AGGRESSIVE;
				CLANG_WARN_UNREACHABLE_CODE = YES;
				CLANG_WARN__DUPLICATE_METHOD_MATCH = YES;
				CODE_SIGN_IDENTITY = "iPhone Developer";
				COPY_PHASE_STRIP = NO;
				DEBUG_INFORMATION_FORMAT = "dwarf-with-dsym";
				ENABLE_NS_ASSERTIONS = NO;
				ENABLE_STRICT_OBJC_MSGSEND = YES;
				GCC_C_LANGUAGE_STANDARD = gnu11;
				GCC_NO_COMMON_BLOCKS = YES;
				GCC_WARN_64_TO_32_BIT_CONVERSION = YES;
				GCC_WARN_ABOUT_RETURN_TYPE = YES_ERROR;
				GCC_WARN_UNDECLARED_SELECTOR = YES;
				GCC_WARN_UNINITIALIZED_AUTOS = YES_AGGRESSIVE;
				GCC_WARN_UNUSED_FUNCTION = YES;
				GCC_WARN_UNUSED_VARIABLE = YES;
				IPHONEOS_DEPLOYMENT_TARGET = 11.2;
				MTL_ENABLE_DEBUG_INFO = NO;
				SDKROOT = iphoneos;
				SWIFT_OPTIMIZATION_LEVEL = "-Owholemodule";
				VALIDATE_PRODUCT = YES;
			};
			name = Release;
		};
		822CADBC20AFD42000EA8987 /* Debug */ = {
			isa = XCBuildConfiguration;
			buildSettings = {
				ASSETCATALOG_COMPILER_APPICON_NAME = AppIcon;
				CODE_SIGN_STYLE = Automatic;
				DEVELOPMENT_TEAM = 86Q5ER3XBR;
				INFOPLIST_FILE = SlideshowApp/Info.plist;
				LD_RUNPATH_SEARCH_PATHS = "$(inherited) @executable_path/Frameworks";
				PRODUCT_BUNDLE_IDENTIFIER = jp.techacademy.miriaria0427.SlideshowApp;
				PRODUCT_NAME = "$(TARGET_NAME)";
				SWIFT_VERSION = 4.0;
				TARGETED_DEVICE_FAMILY = "1,2";
			};
			name = Debug;
		};
		822CADBD20AFD42000EA8987 /* Release */ = {
			isa = XCBuildConfiguration;
			buildSettings = {
				ASSETCATALOG_COMPILER_APPICON_NAME = AppIcon;
				CODE_SIGN_STYLE = Automatic;
				DEVELOPMENT_TEAM = 86Q5ER3XBR;
				INFOPLIST_FILE = SlideshowApp/Info.plist;
				LD_RUNPATH_SEARCH_PATHS = "$(inherited) @executable_path/Frameworks";
				PRODUCT_BUNDLE_IDENTIFIER = jp.techacademy.miriaria0427.SlideshowApp;
				PRODUCT_NAME = "$(TARGET_NAME)";
				SWIFT_VERSION = 4.0;
				TARGETED_DEVICE_FAMILY = "1,2";
			};
			name = Release;
		};
/* End XCBuildConfiguration section */

/* Begin XCConfigurationList section */
		822CADA420AFD42000EA8987 /* Build configuration list for PBXProject "SlideshowApp" */ = {
			isa = XCConfigurationList;
			buildConfigurations = (
				822CADB920AFD42000EA8987 /* Debug */,
				822CADBA20AFD42000EA8987 /* Release */,
			);
			defaultConfigurationIsVisible = 0;
			defaultConfigurationName = Release;
		};
		822CADBB20AFD42000EA8987 /* Build configuration list for PBXNativeTarget "SlideshowApp" */ = {
			isa = XCConfigurationList;
			buildConfigurations = (
				822CADBC20AFD42000EA8987 /* Debug */,
				822CADBD20AFD42000EA8987 /* Release */,
			);
			defaultConfigurationIsVisible = 0;
			defaultConfigurationName = Release;
		};
/* End XCConfigurationList section */
	};
	rootObject = 822CADA120AFD42000EA8987 /* Project object */;
}
